
Microsoft Visual Studio Solution File, Format Version 12.00
# Visual Studio 15
VisualStudioVersion = 15.0.28307.271
MinimumVisualStudioVersion = 10.0.40219.1
Project("{FAE04EC0-301F-11D3-BF4B-00C04F79EFBC}") = "TcpMultiFileTransfer", "TcpMultiFileTransfer\TcpMultiFileTransfer.csproj", "{9A880FDB-507F-41C4-993E-74B481BD7F72}"
EndProject
Global
	GlobalSection(SolutionConfigurationPlatforms) = preSolution
		Debug|Any CPU = Debug|Any CPU
		Release|Any CPU = Release|Any CPU
	EndGlobalSection
	GlobalSection(ProjectConfigurationPlatforms) = postSolution
		{9A880FDB-507F-41C4-993E-74B481BD7F72}.Debug|Any CPU.ActiveCfg = Debug|Any CPU
		{9A880FDB-507F-41C4-993E-74B481BD7F72}.Debug|Any CPU.Build.0 = Debug|Any CPU
		{9A880FDB-507F-41C4-993E-74B481BD7F72}.Release|Any CPU.ActiveCfg = Release|Any CPU
		{9A880FDB-507F-41C4-993E-74B481BD7F72}.Release|Any CPU.Build.0 = Release|Any CPU
	EndGlobalSection
	GlobalSection(SolutionProperties) = preSolution
		HideSolutionNode = FALSE
	EndGlobalSection
	GlobalSection(ExtensibilityGlobals) = postSolution
		SolutionGuid = {4440ACCF-157C-4F06-BFED-71CB44F67652}
	EndGlobalSection
EndGlobal
